
Microsoft Visual Studio Solution File, Format Version 12.00
# Visual Studio Version 16
VisualStudioVersion = 16.0.30907.101
MinimumVisualStudioVersion = 10.0.40219.1
Project("{2150E333-8FDC-42A3-9474-1A3956D46DE8}") = "Solution Items", "Solution Items", "{4EBA2CBA-508E-42B0-997B-EEF42136EB05}"
EndProject
Project("{FAE04EC0-301F-11D3-BF4B-00C04F79EFBC}") = "MARC", "MARC\MARC.csproj", "{BABCE8ED-0729-44FF-BE58-1F83964EE0FF}"
EndProject
Project("{FAE04EC0-301F-11D3-BF4B-00C04F79EFBC}") = "Demo_CSharp", "Demo_CSharp\Demo_CSharp.csproj", "{9242C508-A313-46C9-8E16-ED27461335AF}"
EndProject
Project("{F2A71F9B-5D33-465A-A702-920D77279786}") = "Demo_FSharp", "Demo_FSharp\Demo_FSharp.fsproj", "{19832387-5075-455C-AB89-A0B0E0229D8B}"
EndProject
Global
	GlobalSection(SolutionConfigurationPlatforms) = preSolution
		Debug|Any CPU = Debug|Any CPU
		Debug|x64 = Debug|x64
		Debug|x86 = Debug|x86
		Release|Any CPU = Release|Any CPU
		Release|x64 = Release|x64
		Release|x86 = Release|x86
	EndGlobalSection
	GlobalSection(ProjectConfigurationPlatforms) = postSolution
		{BABCE8ED-0729-44FF-BE58-1F83964EE0FF}.Debug|Any CPU.ActiveCfg = Debug|Any CPU
		{BABCE8ED-0729-44FF-BE58-1F83964EE0FF}.Debug|Any CPU.Build.0 = Debug|Any CPU
		{BABCE8ED-0729-44FF-BE58-1F83964EE0FF}.Debug|x64.ActiveCfg = Debug|Any CPU
		{BABCE8ED-0729-44FF-BE58-1F83964EE0FF}.Debug|x64.Build.0 = Debug|Any CPU
		{BABCE8ED-0729-44FF-BE58-1F83964EE0FF}.Debug|x86.ActiveCfg = Debug|Any CPU
		{BABCE8ED-0729-44FF-BE58-1F83964EE0FF}.Debug|x86.Build.0 = Debug|Any CPU
		{BABCE8ED-0729-44FF-BE58-1F83964EE0FF}.Release|Any CPU.ActiveCfg = Release|Any CPU
		{BABCE8ED-0729-44FF-BE58-1F83964EE0FF}.Release|Any CPU.Build.0 = Release|Any CPU
		{BABCE8ED-0729-44FF-BE58-1F83964EE0FF}.Release|x64.ActiveCfg = Release|Any CPU
		{BABCE8ED-0729-44FF-BE58-1F83964EE0FF}.Release|x64.Build.0 = Release|Any CPU
		{BABCE8ED-0729-44FF-BE58-1F83964EE0FF}.Release|x86.ActiveCfg = Release|Any CPU
		{BABCE8ED-0729-44FF-BE58-1F83964EE0FF}.Release|x86.Build.0 = Release|Any CPU
		{9242C508-A313-46C9-8E16-ED27461335AF}.Debug|Any CPU.ActiveCfg = Debug|Any CPU
		{9242C508-A313-46C9-8E16-ED27461335AF}.Debug|Any CPU.Build.0 = Debug|Any CPU
		{9242C508-A313-46C9-8E16-ED27461335AF}.Debug|x64.ActiveCfg = Debug|Any CPU
		{9242C508-A313-46C9-8E16-ED27461335AF}.Debug|x64.Build.0 = Debug|Any CPU
		{9242C508-A313-46C9-8E16-ED27461335AF}.Debug|x86.ActiveCfg = Debug|Any CPU
		{9242C508-A313-46C9-8E16-ED27461335AF}.Debug|x86.Build.0 = Debug|Any CPU
		{9242C508-A313-46C9-8E16-ED27461335AF}.Release|Any CPU.ActiveCfg = Release|Any CPU
		{9242C508-A313-46C9-8E16-ED27461335AF}.Release|Any CPU.Build.0 = Release|Any CPU
		{9242C508-A313-46C9-8E16-ED27461335AF}.Release|x64.ActiveCfg = Release|Any CPU
		{9242C508-A313-46C9-8E16-ED27461335AF}.Release|x64.Build.0 = Release|Any CPU
		{9242C508-A313-46C9-8E16-ED27461335AF}.Release|x86.ActiveCfg = Release|Any CPU
		{9242C508-A313-46C9-8E16-ED27461335AF}.Release|x86.Build.0 = Release|Any CPU
		{19832387-5075-455C-AB89-A0B0E0229D8B}.Debug|Any CPU.ActiveCfg = Debug|Any CPU
		{19832387-5075-455C-AB89-A0B0E0229D8B}.Debug|Any CPU.Build.0 = Debug|Any CPU
		{19832387-5075-455C-AB89-A0B0E0229D8B}.Debug|x64.ActiveCfg = Debug|Any CPU
		{19832387-5075-455C-AB89-A0B0E0229D8B}.Debug|x64.Build.0 = Debug|Any CPU
		{19832387-5075-455C-AB89-A0B0E0229D8B}.Debug|x86.ActiveCfg = Debug|Any CPU
		{19832387-5075-455C-AB89-A0B0E0229D8B}.Debug|x86.Build.0 = Debug|Any CPU
		{19832387-5075-455C-AB89-A0B0E0229D8B}.Release|Any CPU.ActiveCfg = Release|Any CPU
		{19832387-5075-455C-AB89-A0B0E0229D8B}.Release|Any CPU.Build.0 = Release|Any CPU
		{19832387-5075-455C-AB89-A0B0E0229D8B}.Release|x64.ActiveCfg = Release|Any CPU
		{19832387-5075-455C-AB89-A0B0E0229D8B}.Release|x64.Build.0 = Release|Any CPU
		{19832387-5075-455C-AB89-A0B0E0229D8B}.Release|x86.ActiveCfg = Release|Any CPU
		{19832387-5075-455C-AB89-A0B0E0229D8B}.Release|x86.Build.0 = Release|Any CPU
	EndGlobalSection
	GlobalSection(SolutionProperties) = preSolution
		HideSolutionNode = FALSE
	EndGlobalSection
	GlobalSection(ExtensibilityGlobals) = postSolution
		SolutionGuid = {D87B82EC-0E6B-440E-867F-6DD4A3FB5B54}
	EndGlobalSection
	GlobalSection(TestCaseManagementSettings) = postSolution
		CategoryFile = CSharp_MARC.vsmdi
	EndGlobalSection
EndGlobal
